
Microsoft Visual Studio Solution File, Format Version 12.00
# Visual Studio 14
VisualStudioVersion = 14.0.25420.1
MinimumVisualStudioVersion = 10.0.40219.1
Project("{FAE04EC0-301F-11D3-BF4B-00C04F79EFBC}") = "MazeSolver", "MazeSolver\MazeSolver.csproj", "{AB9B4E02-2F88-4C5F-87AD-2A80DD635AB9}"
EndProject
Project("{FAE04EC0-301F-11D3-BF4B-00C04F79EFBC}") = "MyPriorityQueueUnitTests", "MyPriorityQueueUnitTests\MyPriorityQueueUnitTests.csproj", "{80DA1CF7-816D-4008-BEE3-37B9DD535407}"
EndProject
Global
	GlobalSection(SolutionConfigurationPlatforms) = preSolution
		Debug|Any CPU = Debug|Any CPU
		Release|Any CPU = Release|Any CPU
	EndGlobalSection
	GlobalSection(ProjectConfigurationPlatforms) = postSolution
		{AB9B4E02-2F88-4C5F-87AD-2A80DD635AB9}.Debug|Any CPU.ActiveCfg = Debug|Any CPU
		{AB9B4E02-2F88-4C5F-87AD-2A80DD635AB9}.Debug|Any CPU.Build.0 = Debug|Any CPU
		{AB9B4E02-2F88-4C5F-87AD-2A80DD635AB9}.Release|Any CPU.ActiveCfg = Release|Any CPU
		{AB9B4E02-2F88-4C5F-87AD-2A80DD635AB9}.Release|Any CPU.Build.0 = Release|Any CPU
		{80DA1CF7-816D-4008-BEE3-37B9DD535407}.Debug|Any CPU.ActiveCfg = Debug|Any CPU
		{80DA1CF7-816D-4008-BEE3-37B9DD535407}.Debug|Any CPU.Build.0 = Debug|Any CPU
		{80DA1CF7-816D-4008-BEE3-37B9DD535407}.Release|Any CPU.ActiveCfg = Release|Any CPU
		{80DA1CF7-816D-4008-BEE3-37B9DD535407}.Release|Any CPU.Build.0 = Release|Any CPU
	EndGlobalSection
	GlobalSection(SolutionProperties) = preSolution
		HideSolutionNode = FALSE
	EndGlobalSection
EndGlobal
